
Microsoft Visual Studio Solution File, Format Version 12.00
# Visual Studio Version 16
VisualStudioVersion = 16.0.31424.327
MinimumVisualStudioVersion = 10.0.40219.1
Project("{FAE04EC0-301F-11D3-BF4B-00C04F79EFBC}") = "test4BISO", "test4BISO.csproj", "{3E268BC4-110A-4F58-BA71-63BFE885C28A}"
EndProject
Global
	GlobalSection(SolutionConfigurationPlatforms) = preSolution
		Debug|Any CPU = Debug|Any CPU
		Release|Any CPU = Release|Any CPU
	EndGlobalSection
	GlobalSection(ProjectConfigurationPlatforms) = postSolution
		{3E268BC4-110A-4F58-BA71-63BFE885C28A}.Debug|Any CPU.ActiveCfg = Debug|Any CPU
		{3E268BC4-110A-4F58-BA71-63BFE885C28A}.Debug|Any CPU.Build.0 = Debug|Any CPU
		{3E268BC4-110A-4F58-BA71-63BFE885C28A}.Release|Any CPU.ActiveCfg = Release|Any CPU
		{3E268BC4-110A-4F58-BA71-63BFE885C28A}.Release|Any CPU.Build.0 = Release|Any CPU
	EndGlobalSection
	GlobalSection(SolutionProperties) = preSolution
		HideSolutionNode = FALSE
	EndGlobalSection
	GlobalSection(ExtensibilityGlobals) = postSolution
		SolutionGuid = {7AE85C51-7E6E-4D10-A05D-B2BD6F358774}
	EndGlobalSection
EndGlobal
